
Microsoft Visual Studio Solution File, Format Version 12.00
# Visual Studio Version 16
VisualStudioVersion = 16.0.31205.134
MinimumVisualStudioVersion = 10.0.40219.1
Project("{9A19103F-16F7-4668-BE54-9A1E7A4F7556}") = "Dangl.OpenCDE", "src\server\Dangl.OpenCDE\Dangl.OpenCDE.csproj", "{7E37C406-223A-4F8D-849F-2553FE7849AA}"
EndProject
Project("{2150E333-8FDC-42A3-9474-1A3956D46DE8}") = "src", "src", "{3EF93093-22B7-47DE-BFD2-A0936AC03E13}"
EndProject
Project("{2150E333-8FDC-42A3-9474-1A3956D46DE8}") = "server", "server", "{6333DD57-A41F-40D7-B9E1-E631DA4449A2}"
EndProject
Project("{2150E333-8FDC-42A3-9474-1A3956D46DE8}") = "tests", "tests", "{7C5FD3B2-CBFE-40E7-96B6-DB120FF061D6}"
EndProject
Project("{9A19103F-16F7-4668-BE54-9A1E7A4F7556}") = "Dangl.OpenCDE.TestUtilities", "tests\Dangl.OpenCDE.TestUtilities\Dangl.OpenCDE.TestUtilities.csproj", "{92CA2E98-AD78-4610-A5AC-B9F04DDDB9E3}"
EndProject
Project("{9A19103F-16F7-4668-BE54-9A1E7A4F7556}") = "Dangl.OpenCDE.Tests.Integration", "tests\Dangl.OpenCDE.Tests.Integration\Dangl.OpenCDE.Tests.Integration.csproj", "{7F6A991C-6DD4-4097-BB3B-8607187F32B4}"
EndProject
Project("{9A19103F-16F7-4668-BE54-9A1E7A4F7556}") = "_build", "build\_build.csproj", "{CABF91EB-5096-45F4-9F5D-040857280221}"
EndProject
Project("{2150E333-8FDC-42A3-9474-1A3956D46DE8}") = "Solution Items", "Solution Items", "{2123D315-1241-48E0-A3E3-9D559D256421}"
	ProjectSection(SolutionItems) = preProject
		CHANGELOG.md = CHANGELOG.md
		GitVersion.yml = GitVersion.yml
		LICENSE = LICENSE
		README.md = README.md
	EndProjectSection
EndProject
Project("{FAE04EC0-301F-11D3-BF4B-00C04F79EFBC}") = "Dangl.OpenCDE.Data", "src\server\Dangl.OpenCDE.Data\Dangl.OpenCDE.Data.csproj", "{EF78FF04-9C25-4777-9513-975321D947C5}"
EndProject
Project("{FAE04EC0-301F-11D3-BF4B-00C04F79EFBC}") = "Dangl.OpenCDE.Core", "src\server\Dangl.OpenCDE.Core\Dangl.OpenCDE.Core.csproj", "{6C537AC0-4A10-4890-A8FD-E86722FD871C}"
EndProject
Project("{FAE04EC0-301F-11D3-BF4B-00C04F79EFBC}") = "Dangl.OpenCDE.Shared", "src\server\Dangl.OpenCDE.Shared\Dangl.OpenCDE.Shared.csproj", "{D5FBED4F-8C8B-4534-A39B-B5F0A2502CD2}"
EndProject
Project("{FAE04EC0-301F-11D3-BF4B-00C04F79EFBC}") = "Dangl.OpenCDE.Core.Tests", "tests\Dangl.OpenCDE.Core.Tests\Dangl.OpenCDE.Core.Tests.csproj", "{FDDB486F-98DA-408C-B7DB-EBE578019B07}"
EndProject
Global
	GlobalSection(SolutionConfigurationPlatforms) = preSolution
		Debug|Any CPU = Debug|Any CPU
		Release|Any CPU = Release|Any CPU
	EndGlobalSection
	GlobalSection(ProjectConfigurationPlatforms) = postSolution
		{7E37C406-223A-4F8D-849F-2553FE7849AA}.Debug|Any CPU.ActiveCfg = Debug|Any CPU
		{7E37C406-223A-4F8D-849F-2553FE7849AA}.Debug|Any CPU.Build.0 = Debug|Any CPU
		{7E37C406-223A-4F8D-849F-2553FE7849AA}.Release|Any CPU.ActiveCfg = Release|Any CPU
		{7E37C406-223A-4F8D-849F-2553FE7849AA}.Release|Any CPU.Build.0 = Release|Any CPU
		{92CA2E98-AD78-4610-A5AC-B9F04DDDB9E3}.Debug|Any CPU.ActiveCfg = Debug|Any CPU
		{92CA2E98-AD78-4610-A5AC-B9F04DDDB9E3}.Debug|Any CPU.Build.0 = Debug|Any CPU
		{92CA2E98-AD78-4610-A5AC-B9F04DDDB9E3}.Release|Any CPU.ActiveCfg = Release|Any CPU
		{92CA2E98-AD78-4610-A5AC-B9F04DDDB9E3}.Release|Any CPU.Build.0 = Release|Any CPU
		{7F6A991C-6DD4-4097-BB3B-8607187F32B4}.Debug|Any CPU.ActiveCfg = Debug|Any CPU
		{7F6A991C-6DD4-4097-BB3B-8607187F32B4}.Debug|Any CPU.Build.0 = Debug|Any CPU
		{7F6A991C-6DD4-4097-BB3B-8607187F32B4}.Release|Any CPU.ActiveCfg = Release|Any CPU
		{7F6A991C-6DD4-4097-BB3B-8607187F32B4}.Release|Any CPU.Build.0 = Release|Any CPU
		{CABF91EB-5096-45F4-9F5D-040857280221}.Debug|Any CPU.ActiveCfg = Debug|Any CPU
		{CABF91EB-5096-45F4-9F5D-040857280221}.Release|Any CPU.ActiveCfg = Release|Any CPU
		{EF78FF04-9C25-4777-9513-975321D947C5}.Debug|Any CPU.ActiveCfg = Debug|Any CPU
		{EF78FF04-9C25-4777-9513-975321D947C5}.Debug|Any CPU.Build.0 = Debug|Any CPU
		{EF78FF04-9C25-4777-9513-975321D947C5}.Release|Any CPU.ActiveCfg = Release|Any CPU
		{EF78FF04-9C25-4777-9513-975321D947C5}.Release|Any CPU.Build.0 = Release|Any CPU
		{6C537AC0-4A10-4890-A8FD-E86722FD871C}.Debug|Any CPU.ActiveCfg = Debug|Any CPU
		{6C537AC0-4A10-4890-A8FD-E86722FD871C}.Debug|Any CPU.Build.0 = Debug|Any CPU
		{6C537AC0-4A10-4890-A8FD-E86722FD871C}.Release|Any CPU.ActiveCfg = Release|Any CPU
		{6C537AC0-4A10-4890-A8FD-E86722FD871C}.Release|Any CPU.Build.0 = Release|Any CPU
		{D5FBED4F-8C8B-4534-A39B-B5F0A2502CD2}.Debug|Any CPU.ActiveCfg = Debug|Any CPU
		{D5FBED4F-8C8B-4534-A39B-B5F0A2502CD2}.Debug|Any CPU.Build.0 = Debug|Any CPU
		{D5FBED4F-8C8B-4534-A39B-B5F0A2502CD2}.Release|Any CPU.ActiveCfg = Release|Any CPU
		{D5FBED4F-8C8B-4534-A39B-B5F0A2502CD2}.Release|Any CPU.Build.0 = Release|Any CPU
		{FDDB486F-98DA-408C-B7DB-EBE578019B07}.Debug|Any CPU.ActiveCfg = Debug|Any CPU
		{FDDB486F-98DA-408C-B7DB-EBE578019B07}.Debug|Any CPU.Build.0 = Debug|Any CPU
		{FDDB486F-98DA-408C-B7DB-EBE578019B07}.Release|Any CPU.ActiveCfg = Release|Any CPU
		{FDDB486F-98DA-408C-B7DB-EBE578019B07}.Release|Any CPU.Build.0 = Release|Any CPU
	EndGlobalSection
	GlobalSection(SolutionProperties) = preSolution
		HideSolutionNode = FALSE
	EndGlobalSection
	GlobalSection(NestedProjects) = preSolution
		{7E37C406-223A-4F8D-849F-2553FE7849AA} = {6333DD57-A41F-40D7-B9E1-E631DA4449A2}
		{6333DD57-A41F-40D7-B9E1-E631DA4449A2} = {3EF93093-22B7-47DE-BFD2-A0936AC03E13}
		{92CA2E98-AD78-4610-A5AC-B9F04DDDB9E3} = {7C5FD3B2-CBFE-40E7-96B6-DB120FF061D6}
		{7F6A991C-6DD4-4097-BB3B-8607187F32B4} = {7C5FD3B2-CBFE-40E7-96B6-DB120FF061D6}
		{EF78FF04-9C25-4777-9513-975321D947C5} = {6333DD57-A41F-40D7-B9E1-E631DA4449A2}
		{6C537AC0-4A10-4890-A8FD-E86722FD871C} = {6333DD57-A41F-40D7-B9E1-E631DA4449A2}
		{D5FBED4F-8C8B-4534-A39B-B5F0A2502CD2} = {6333DD57-A41F-40D7-B9E1-E631DA4449A2}
		{FDDB486F-98DA-408C-B7DB-EBE578019B07} = {7C5FD3B2-CBFE-40E7-96B6-DB120FF061D6}
	EndGlobalSection
	GlobalSection(ExtensibilityGlobals) = postSolution
		SolutionGuid = {329C7D44-A1D5-4259-9763-EDF13C1842B5}
	EndGlobalSection
EndGlobal
